
Microsoft Visual Studio Solution File, Format Version 12.00
# Visual Studio Version 17
VisualStudioVersion = 17.0.31903.59
MinimumVisualStudioVersion = 10.0.40219.1
Project("{2150E333-8FDC-42A3-9474-1A3956D46DE8}") = "src", "src", "{42C578E1-CD3A-4692-AEC0-595BD761AA2B}"
EndProject
Project("{FAE04EC0-301F-11D3-BF4B-00C04F79EFBC}") = "CommandAPI", "src\CommandAPI\CommandAPI.csproj", "{4FF69BC1-A08B-4E22-B521-B8EE576448D2}"
EndProject
Project("{2150E333-8FDC-42A3-9474-1A3956D46DE8}") = "test", "test", "{8FF65989-5902-4309-8199-027696C3B1B6}"
EndProject
Project("{FAE04EC0-301F-11D3-BF4B-00C04F79EFBC}") = "CommandAPI.Tests", "test\CommandAPI.Tests\CommandAPI.Tests.csproj", "{01DA5419-98E1-4EA0-BD06-AB7AA5BB7989}"
EndProject
Global
	GlobalSection(SolutionConfigurationPlatforms) = preSolution
		Debug|Any CPU = Debug|Any CPU
		Release|Any CPU = Release|Any CPU
	EndGlobalSection
	GlobalSection(SolutionProperties) = preSolution
		HideSolutionNode = FALSE
	EndGlobalSection
	GlobalSection(ProjectConfigurationPlatforms) = postSolution
		{4FF69BC1-A08B-4E22-B521-B8EE576448D2}.Debug|Any CPU.ActiveCfg = Debug|Any CPU
		{4FF69BC1-A08B-4E22-B521-B8EE576448D2}.Debug|Any CPU.Build.0 = Debug|Any CPU
		{4FF69BC1-A08B-4E22-B521-B8EE576448D2}.Release|Any CPU.ActiveCfg = Release|Any CPU
		{4FF69BC1-A08B-4E22-B521-B8EE576448D2}.Release|Any CPU.Build.0 = Release|Any CPU
		{01DA5419-98E1-4EA0-BD06-AB7AA5BB7989}.Debug|Any CPU.ActiveCfg = Debug|Any CPU
		{01DA5419-98E1-4EA0-BD06-AB7AA5BB7989}.Debug|Any CPU.Build.0 = Debug|Any CPU
		{01DA5419-98E1-4EA0-BD06-AB7AA5BB7989}.Release|Any CPU.ActiveCfg = Release|Any CPU
		{01DA5419-98E1-4EA0-BD06-AB7AA5BB7989}.Release|Any CPU.Build.0 = Release|Any CPU
	EndGlobalSection
	GlobalSection(NestedProjects) = preSolution
		{4FF69BC1-A08B-4E22-B521-B8EE576448D2} = {42C578E1-CD3A-4692-AEC0-595BD761AA2B}
		{01DA5419-98E1-4EA0-BD06-AB7AA5BB7989} = {8FF65989-5902-4309-8199-027696C3B1B6}
	EndGlobalSection
EndGlobal
